
Microsoft Visual Studio Solution File, Format Version 12.00
# Visual Studio Version 17
VisualStudioVersion = 17.2.32526.322
MinimumVisualStudioVersion = 10.0.40219.1
Project("{9A19103F-16F7-4668-BE54-9A1E7A4F7556}") = "BankingApp", "\wsl.localhost\Ubuntu\home\omenix\Week-3-assignment\BankingApp\BankingApp\BankingApp.csproj", "{1D0732B1-2EF0-43B0-8B65-F552C931F213}"
EndProject
Project("{9A19103F-16F7-4668-BE54-9A1E7A4F7556}") = "TestingLoginDetails", "\wsl.localhost\Ubuntu\home\omenix\Week-3-assignment\BankingApp\CreatingCustomer\TestingLoginDetails.csproj", "{50464753-8E0C-4590-A6C5-26BCE5954C54}"
EndProject
Global
	GlobalSection(SolutionConfigurationPlatforms) = preSolution
		Debug|Any CPU = Debug|Any CPU
		Release|Any CPU = Release|Any CPU
	EndGlobalSection
	GlobalSection(ProjectConfigurationPlatforms) = postSolution
		{1D0732B1-2EF0-43B0-8B65-F552C931F213}.Debug|Any CPU.ActiveCfg = Debug|Any CPU
		{1D0732B1-2EF0-43B0-8B65-F552C931F213}.Debug|Any CPU.Build.0 = Debug|Any CPU
		{1D0732B1-2EF0-43B0-8B65-F552C931F213}.Release|Any CPU.ActiveCfg = Release|Any CPU
		{1D0732B1-2EF0-43B0-8B65-F552C931F213}.Release|Any CPU.Build.0 = Release|Any CPU
		{50464753-8E0C-4590-A6C5-26BCE5954C54}.Debug|Any CPU.ActiveCfg = Debug|Any CPU
		{50464753-8E0C-4590-A6C5-26BCE5954C54}.Debug|Any CPU.Build.0 = Debug|Any CPU
		{50464753-8E0C-4590-A6C5-26BCE5954C54}.Release|Any CPU.ActiveCfg = Release|Any CPU
		{50464753-8E0C-4590-A6C5-26BCE5954C54}.Release|Any CPU.Build.0 = Release|Any CPU
	EndGlobalSection
	GlobalSection(SolutionProperties) = preSolution
		HideSolutionNode = FALSE
	EndGlobalSection
	GlobalSection(ExtensibilityGlobals) = postSolution
		SolutionGuid = {91A900EC-6BBC-4625-AE09-7C67BA20792F}
	EndGlobalSection
EndGlobal
